
Microsoft Visual Studio Solution File, Format Version 12.00
# Visual Studio 15
VisualStudioVersion = 15.0.26206.0
MinimumVisualStudioVersion = 10.0.40219.1
Project("{FAE04EC0-301F-11D3-BF4B-00C04F79EFBC}") = "OOP-Course-Project-CSharp-Cars", "OOP-Course-Project-CSharp-Cars\OOP-Course-Project-CSharp-Cars.csproj", "{EB3DEDF2-CD25-472D-A199-29E118DFE02F}"
EndProject
Project("{2150E333-8FDC-42A3-9474-1A3956D46DE8}") = "Solution Items", "Solution Items", "{B5C25AE2-6233-4631-95EE-F64ACF0F4F29}"
EndProject
Global
	GlobalSection(SolutionConfigurationPlatforms) = preSolution
		Debug|Any CPU = Debug|Any CPU
		Release|Any CPU = Release|Any CPU
	EndGlobalSection
	GlobalSection(ProjectConfigurationPlatforms) = postSolution
		{EB3DEDF2-CD25-472D-A199-29E118DFE02F}.Debug|Any CPU.ActiveCfg = Debug|Any CPU
		{EB3DEDF2-CD25-472D-A199-29E118DFE02F}.Debug|Any CPU.Build.0 = Debug|Any CPU
		{EB3DEDF2-CD25-472D-A199-29E118DFE02F}.Release|Any CPU.ActiveCfg = Release|Any CPU
		{EB3DEDF2-CD25-472D-A199-29E118DFE02F}.Release|Any CPU.Build.0 = Release|Any CPU
	EndGlobalSection
	GlobalSection(SolutionProperties) = preSolution
		HideSolutionNode = FALSE
	EndGlobalSection
EndGlobal
